
Microsoft Visual Studio Solution File, Format Version 12.00
# Visual Studio 14
VisualStudioVersion = 14.0.24720.0
MinimumVisualStudioVersion = 10.0.40219.1
Project("{8BC9CEB8-8B4A-11D0-8D11-00A0C91BC942}") = "NoImage", "NoImage\NoImage.vcxproj", "{37AF7CA5-2069-4291-916A-379C0E56E39B}"
EndProject
Project("{8BC9CEB8-8B4A-11D0-8D11-00A0C91BC942}") = "Unlinked", "Unlinked\Unlinked.vcxproj", "{01EEAE25-62BD-4E67-B16C-2A74DC40796D}"
EndProject
Project("{2150E333-8FDC-42A3-9474-1A3956D46DE8}") = "Solution Items", "Solution Items", "{29E3737C-BCB2-4833-8D77-94995D4577CE}"
	ProjectSection(SolutionItems) = preProject
		.clang-format = .clang-format
		.gitattributes = .gitattributes
		.gitignore = .gitignore
		clean.bat = clean.bat
		README.md = README.md
	EndProjectSection
EndProject
Global
	GlobalSection(SolutionConfigurationPlatforms) = preSolution
		Debug|x64 = Debug|x64
		Debug|x86 = Debug|x86
		Release|x64 = Release|x64
		Release|x86 = Release|x86
	EndGlobalSection
	GlobalSection(ProjectConfigurationPlatforms) = postSolution
		{37AF7CA5-2069-4291-916A-379C0E56E39B}.Debug|x64.ActiveCfg = Debug|x64
		{37AF7CA5-2069-4291-916A-379C0E56E39B}.Debug|x64.Build.0 = Debug|x64
		{37AF7CA5-2069-4291-916A-379C0E56E39B}.Debug|x64.Deploy.0 = Debug|x64
		{37AF7CA5-2069-4291-916A-379C0E56E39B}.Debug|x86.ActiveCfg = Debug|Win32
		{37AF7CA5-2069-4291-916A-379C0E56E39B}.Debug|x86.Build.0 = Debug|Win32
		{37AF7CA5-2069-4291-916A-379C0E56E39B}.Debug|x86.Deploy.0 = Debug|Win32
		{37AF7CA5-2069-4291-916A-379C0E56E39B}.Release|x64.ActiveCfg = Release|x64
		{37AF7CA5-2069-4291-916A-379C0E56E39B}.Release|x64.Build.0 = Release|x64
		{37AF7CA5-2069-4291-916A-379C0E56E39B}.Release|x64.Deploy.0 = Release|x64
		{37AF7CA5-2069-4291-916A-379C0E56E39B}.Release|x86.ActiveCfg = Release|Win32
		{37AF7CA5-2069-4291-916A-379C0E56E39B}.Release|x86.Build.0 = Release|Win32
		{37AF7CA5-2069-4291-916A-379C0E56E39B}.Release|x86.Deploy.0 = Release|Win32
		{01EEAE25-62BD-4E67-B16C-2A74DC40796D}.Debug|x64.ActiveCfg = Debug|x64
		{01EEAE25-62BD-4E67-B16C-2A74DC40796D}.Debug|x64.Build.0 = Debug|x64
		{01EEAE25-62BD-4E67-B16C-2A74DC40796D}.Debug|x64.Deploy.0 = Debug|x64
		{01EEAE25-62BD-4E67-B16C-2A74DC40796D}.Debug|x86.ActiveCfg = Debug|Win32
		{01EEAE25-62BD-4E67-B16C-2A74DC40796D}.Debug|x86.Build.0 = Debug|Win32
		{01EEAE25-62BD-4E67-B16C-2A74DC40796D}.Debug|x86.Deploy.0 = Debug|Win32
		{01EEAE25-62BD-4E67-B16C-2A74DC40796D}.Release|x64.ActiveCfg = Release|x64
		{01EEAE25-62BD-4E67-B16C-2A74DC40796D}.Release|x64.Build.0 = Release|x64
		{01EEAE25-62BD-4E67-B16C-2A74DC40796D}.Release|x64.Deploy.0 = Release|x64
		{01EEAE25-62BD-4E67-B16C-2A74DC40796D}.Release|x86.ActiveCfg = Release|Win32
		{01EEAE25-62BD-4E67-B16C-2A74DC40796D}.Release|x86.Build.0 = Release|Win32
		{01EEAE25-62BD-4E67-B16C-2A74DC40796D}.Release|x86.Deploy.0 = Release|Win32
	EndGlobalSection
	GlobalSection(SolutionProperties) = preSolution
		HideSolutionNode = FALSE
	EndGlobalSection
EndGlobal
